Microsoft Visual Studio Solution File, Format Version 12.00
# Visual Studio Version 17
VisualStudioVersion = 17.5.2.0
MinimumVisualStudioVersion = 10.0.40219.1
Project("{FAE04EC0-301F-11D3-BF4B-00C04F79EFBC}") = "FortniteCosmeticsApi", "FortniteCosmeticsApi.csproj", "{2B57AFEE-46AA-B744-CBF0-90DB4CCF7C23}"
EndProject
Global
	GlobalSection(SolutionConfigurationPlatforms) = preSolution
		Debug|Any CPU = Debug|Any CPU
		Release|Any CPU = Release|Any CPU
	EndGlobalSection
	GlobalSection(ProjectConfigurationPlatforms) = postSolution
		{2B57AFEE-46AA-B744-CBF0-90DB4CCF7C23}.Debug|Any CPU.ActiveCfg = Debug|Any CPU
		{2B57AFEE-46AA-B744-CBF0-90DB4CCF7C23}.Debug|Any CPU.Build.0 = Debug|Any CPU
		{2B57AFEE-46AA-B744-CBF0-90DB4CCF7C23}.Release|Any CPU.ActiveCfg = Release|Any CPU
		{2B57AFEE-46AA-B744-CBF0-90DB4CCF7C23}.Release|Any CPU.Build.0 = Release|Any CPU
	EndGlobalSection
	GlobalSection(SolutionProperties) = preSolution
		HideSolutionNode = FALSE
	EndGlobalSection
	GlobalSection(ExtensibilityGlobals) = postSolution
		SolutionGuid = {CB64F158-4DBF-4562-BCEB-CF4A054C83AA}
	EndGlobalSection
EndGlobal
