Microsoft Visual Studio Solution File, Format Version 12.00
# Visual Studio Version 17
VisualStudioVersion = 17.5.2.0
MinimumVisualStudioVersion = 10.0.40219.1
Project("{FAE04EC0-301F-11D3-BF4B-00C04F79EFBC}") = "LogConsumer", "LogConsumer.csproj", "{D1A0A6AE-C4BF-A7E2-7E91-70E8BA1C37DD}"
EndProject
Global
	GlobalSection(SolutionConfigurationPlatforms) = preSolution
		Debug|Any CPU = Debug|Any CPU
		Release|Any CPU = Release|Any CPU
	EndGlobalSection
	GlobalSection(ProjectConfigurationPlatforms) = postSolution
		{D1A0A6AE-C4BF-A7E2-7E91-70E8BA1C37DD}.Debug|Any CPU.ActiveCfg = Debug|Any CPU
		{D1A0A6AE-C4BF-A7E2-7E91-70E8BA1C37DD}.Debug|Any CPU.Build.0 = Debug|Any CPU
		{D1A0A6AE-C4BF-A7E2-7E91-70E8BA1C37DD}.Release|Any CPU.ActiveCfg = Release|Any CPU
		{D1A0A6AE-C4BF-A7E2-7E91-70E8BA1C37DD}.Release|Any CPU.Build.0 = Release|Any CPU
	EndGlobalSection
	GlobalSection(SolutionProperties) = preSolution
		HideSolutionNode = FALSE
	EndGlobalSection
	GlobalSection(ExtensibilityGlobals) = postSolution
		SolutionGuid = {A3FC4EB8-99F7-4E3C-A827-F2E379039AA8}
	EndGlobalSection
EndGlobal
